lockfileVersion: '6.0'

devDependencies:
  '@napi-rs/cli':
    specifier: ^2.16.2
    version: 2.16.2

packages:

  /@napi-rs/cli@2.16.2:
    resolution: {integrity: sha512-U2aZfnr0s9KkXpZlYC0l5WxWCXL7vJUNpCnWMwq3T9GG9rhYAAUM9CTZsi1Z+0iR2LcHbfq9EfMgoqnuTyUjfg==}
    engines: {node: '>= 10'}
    hasBin: true
    dev: true
